
Microsoft Visual Studio Solution File, Format Version 12.00
# Visual Studio Version 17
VisualStudioVersion = 17.13.35913.81
MinimumVisualStudioVersion = 10.0.40219.1
Project("{8BC9CEB8-8B4A-11D0-8D11-00A0C91BC942}") = "Cours_01", "Cours_01\Cours_01.vcxproj", "{BF8FDE11-CE04-4C6B-A053-9D5D0A53AE65}"
EndProject
Project("{8BC9CEB8-8B4A-11D0-8D11-00A0C91BC942}") = "Cours_02", "Cours_02\Cours_02.vcxproj", "{63302ED8-C01F-4B75-9079-C8E5196EE043}"
EndProject
Project("{8BC9CEB8-8B4A-11D0-8D11-00A0C91BC942}") = "Cours_03", "Cours_03\Cours_03.vcxproj", "{E5093EC2-489A-43A2-94CD-472F345F4619}"
EndProject
Project("{8BC9CEB8-8B4A-11D0-8D11-00A0C91BC942}") = "Cours_04", "Cours_04\Cours_04.vcxproj", "{122C6B21-2311-4809-9189-39E5544482DF}"
EndProject
Project("{8BC9CEB8-8B4A-11D0-8D11-00A0C91BC942}") = "Cours_05", "Cours_05\Cours_05.vcxproj", "{B9E2931A-572F-4552-80F7-DF6A4F71007B}"
EndProject
Project("{8BC9CEB8-8B4A-11D0-8D11-00A0C91BC942}") = "Cours_06", "Cours_06\Cours_06.vcxproj", "{3CCD8AC3-66C6-45C8-8BD8-3E7DFA96466E}"
EndProject
Project("{2150E333-8FDC-42A3-9474-1A3956D46DE8}") = "Cours C++", "Cours C++", "{99BCD3E6-B726-46C1-8B94-BDF79B538AB9}"
EndProject
Project("{8BC9CEB8-8B4A-11D0-8D11-00A0C91BC942}") = "Cours_07", "Cours_07\Cours_07.vcxproj", "{DDFFEE7D-6DAD-4395-9096-3FF0174D7771}"
EndProject
Project("{2150E333-8FDC-42A3-9474-1A3956D46DE8}") = "Projet Cours", "Projet Cours", "{02EA681E-C7D8-13C7-8484-4AC65E1B71E8}"
EndProject
Project("{8BC9CEB8-8B4A-11D0-8D11-00A0C91BC942}") = "Exercice_01", "Exercice_01\Exercice_01.vcxproj", "{2AFDA5B9-950B-441C-8CBB-10D31F26E04E}"
EndProject
Project("{8BC9CEB8-8B4A-11D0-8D11-00A0C91BC942}") = "Cours_08", "Cours_08\Cours_08.vcxproj", "{D5023F26-F5EC-48AF-8075-4D25429A3D5E}"
EndProject
Project("{8BC9CEB8-8B4A-11D0-8D11-00A0C91BC942}") = "Cours_09", "Cours_09\Cours_09.vcxproj", "{FA9793BC-48BE-45E5-ADFF-D7E42AFE98E0}"
EndProject
Project("{8BC9CEB8-8B4A-11D0-8D11-00A0C91BC942}") = "Cours_10", "Cours_10\Cours_10.vcxproj", "{1118E6AB-3C2D-4355-9A51-801C88D3F6CA}"
EndProject
Project("{8BC9CEB8-8B4A-11D0-8D11-00A0C91BC942}") = "Cours_11", "Cours_11\Cours_11.vcxproj", "{3D8FE230-6578-4FA8-B53C-3522242DE5DB}"
EndProject
Project("{8BC9CEB8-8B4A-11D0-8D11-00A0C91BC942}") = "Cours_12", "Cours_12\Cours_12.vcxproj", "{8137E031-3214-4680-8FB0-A09213989914}"
EndProject
Project("{2150E333-8FDC-42A3-9474-1A3956D46DE8}") = "Cours C#", "Cours C#", "{D6E71541-C7B4-484D-9604-C78FAFEF6DE7}"
EndProject
Project("{2150E333-8FDC-42A3-9474-1A3956D46DE8}") = "Exercices", "Exercices", "{E93DA2D9-9CDD-4DB0-8673-40405430B7EA}"
EndProject
Project("{2150E333-8FDC-42A3-9474-1A3956D46DE8}") = "C++", "C++", "{32606C6B-02E1-4126-ACE6-965091E7EA57}"
EndProject
Project("{8BC9CEB8-8B4A-11D0-8D11-00A0C91BC942}") = "Exercice 01", "Exercice 01\Exercice 01.vcxproj", "{87EA1D6B-A181-4152-852E-4535B47284F6}"
EndProject
Project("{2150E333-8FDC-42A3-9474-1A3956D46DE8}") = "Correction", "Correction", "{5F4BB368-3FE4-4596-AE7F-776A25D96F17}"
EndProject
Project("{2150E333-8FDC-42A3-9474-1A3956D46DE8}") = "C++", "C++", "{AB3C6B75-A6FE-4547-9651-DC9170DD279E}"
EndProject
Project("{8BC9CEB8-8B4A-11D0-8D11-00A0C91BC942}") = "Correction 01", "Correction 01\Correction 01.vcxproj", "{ED26D6CD-1CB8-4618-9CB1-B5CF6FDB6817}"
EndProject
Project("{8BC9CEB8-8B4A-11D0-8D11-00A0C91BC942}") = "Cours_13", "Cours_13\Cours_13.vcxproj", "{F8217D85-5FC3-47D5-A1A0-2E96EFCC91D1}"
EndProject
Global
	GlobalSection(SolutionConfigurationPlatforms) = preSolution
		Debug|x64 = Debug|x64
		Debug|x86 = Debug|x86
		Release|x64 = Release|x64
		Release|x86 = Release|x86
	EndGlobalSection
	GlobalSection(ProjectConfigurationPlatforms) = postSolution
		{BF8FDE11-CE04-4C6B-A053-9D5D0A53AE65}.Debug|x64.ActiveCfg = Debug|x64
		{BF8FDE11-CE04-4C6B-A053-9D5D0A53AE65}.Debug|x64.Build.0 = Debug|x64
		{BF8FDE11-CE04-4C6B-A053-9D5D0A53AE65}.Debug|x86.ActiveCfg = Debug|Win32
		{BF8FDE11-CE04-4C6B-A053-9D5D0A53AE65}.Debug|x86.Build.0 = Debug|Win32
		{BF8FDE11-CE04-4C6B-A053-9D5D0A53AE65}.Release|x64.ActiveCfg = Release|x64
		{BF8FDE11-CE04-4C6B-A053-9D5D0A53AE65}.Release|x64.Build.0 = Release|x64
		{BF8FDE11-CE04-4C6B-A053-9D5D0A53AE65}.Release|x86.ActiveCfg = Release|Win32
		{BF8FDE11-CE04-4C6B-A053-9D5D0A53AE65}.Release|x86.Build.0 = Release|Win32
		{63302ED8-C01F-4B75-9079-C8E5196EE043}.Debug|x64.ActiveCfg = Debug|x64
		{63302ED8-C01F-4B75-9079-C8E5196EE043}.Debug|x64.Build.0 = Debug|x64
		{63302ED8-C01F-4B75-9079-C8E5196EE043}.Debug|x86.ActiveCfg = Debug|Win32
		{63302ED8-C01F-4B75-9079-C8E5196EE043}.Debug|x86.Build.0 = Debug|Win32
		{63302ED8-C01F-4B75-9079-C8E5196EE043}.Release|x64.ActiveCfg = Release|x64
		{63302ED8-C01F-4B75-9079-C8E5196EE043}.Release|x64.Build.0 = Release|x64
		{63302ED8-C01F-4B75-9079-C8E5196EE043}.Release|x86.ActiveCfg = Release|Win32
		{63302ED8-C01F-4B75-9079-C8E5196EE043}.Release|x86.Build.0 = Release|Win32
		{E5093EC2-489A-43A2-94CD-472F345F4619}.Debug|x64.ActiveCfg = Debug|x64
		{E5093EC2-489A-43A2-94CD-472F345F4619}.Debug|x64.Build.0 = Debug|x64
		{E5093EC2-489A-43A2-94CD-472F345F4619}.Debug|x86.ActiveCfg = Debug|Win32
		{E5093EC2-489A-43A2-94CD-472F345F4619}.Debug|x86.Build.0 = Debug|Win32
		{E5093EC2-489A-43A2-94CD-472F345F4619}.Release|x64.ActiveCfg = Release|x64
		{E5093EC2-489A-43A2-94CD-472F345F4619}.Release|x64.Build.0 = Release|x64
		{E5093EC2-489A-43A2-94CD-472F345F4619}.Release|x86.ActiveCfg = Release|Win32
		{E5093EC2-489A-43A2-94CD-472F345F4619}.Release|x86.Build.0 = Release|Win32
		{122C6B21-2311-4809-9189-39E5544482DF}.Debug|x64.ActiveCfg = Debug|x64
		{122C6B21-2311-4809-9189-39E5544482DF}.Debug|x64.Build.0 = Debug|x64
		{122C6B21-2311-4809-9189-39E5544482DF}.Debug|x86.ActiveCfg = Debug|Win32
		{122C6B21-2311-4809-9189-39E5544482DF}.Debug|x86.Build.0 = Debug|Win32
		{122C6B21-2311-4809-9189-39E5544482DF}.Release|x64.ActiveCfg = Release|x64
		{122C6B21-2311-4809-9189-39E5544482DF}.Release|x64.Build.0 = Release|x64
		{122C6B21-2311-4809-9189-39E5544482DF}.Release|x86.ActiveCfg = Release|Win32
		{122C6B21-2311-4809-9189-39E5544482DF}.Release|x86.Build.0 = Release|Win32
		{B9E2931A-572F-4552-80F7-DF6A4F71007B}.Debug|x64.ActiveCfg = Debug|x64
		{B9E2931A-572F-4552-80F7-DF6A4F71007B}.Debug|x64.Build.0 = Debug|x64
		{B9E2931A-572F-4552-80F7-DF6A4F71007B}.Debug|x86.ActiveCfg = Debug|Win32
		{B9E2931A-572F-4552-80F7-DF6A4F71007B}.Debug|x86.Build.0 = Debug|Win32
		{B9E2931A-572F-4552-80F7-DF6A4F71007B}.Release|x64.ActiveCfg = Release|x64
		{B9E2931A-572F-4552-80F7-DF6A4F71007B}.Release|x64.Build.0 = Release|x64
		{B9E2931A-572F-4552-80F7-DF6A4F71007B}.Release|x86.ActiveCfg = Release|Win32
		{B9E2931A-572F-4552-80F7-DF6A4F71007B}.Release|x86.Build.0 = Release|Win32
		{3CCD8AC3-66C6-45C8-8BD8-3E7DFA96466E}.Debug|x64.ActiveCfg = Debug|x64
		{3CCD8AC3-66C6-45C8-8BD8-3E7DFA96466E}.Debug|x64.Build.0 = Debug|x64
		{3CCD8AC3-66C6-45C8-8BD8-3E7DFA96466E}.Debug|x86.ActiveCfg = Debug|Win32
		{3CCD8AC3-66C6-45C8-8BD8-3E7DFA96466E}.Debug|x86.Build.0 = Debug|Win32
		{3CCD8AC3-66C6-45C8-8BD8-3E7DFA96466E}.Release|x64.ActiveCfg = Release|x64
		{3CCD8AC3-66C6-45C8-8BD8-3E7DFA96466E}.Release|x64.Build.0 = Release|x64
		{3CCD8AC3-66C6-45C8-8BD8-3E7DFA96466E}.Release|x86.ActiveCfg = Release|Win32
		{3CCD8AC3-66C6-45C8-8BD8-3E7DFA96466E}.Release|x86.Build.0 = Release|Win32
		{DDFFEE7D-6DAD-4395-9096-3FF0174D7771}.Debug|x64.ActiveCfg = Debug|x64
		{DDFFEE7D-6DAD-4395-9096-3FF0174D7771}.Debug|x64.Build.0 = Debug|x64
		{DDFFEE7D-6DAD-4395-9096-3FF0174D7771}.Debug|x86.ActiveCfg = Debug|Win32
		{DDFFEE7D-6DAD-4395-9096-3FF0174D7771}.Debug|x86.Build.0 = Debug|Win32
		{DDFFEE7D-6DAD-4395-9096-3FF0174D7771}.Release|x64.ActiveCfg = Release|x64
		{DDFFEE7D-6DAD-4395-9096-3FF0174D7771}.Release|x64.Build.0 = Release|x64
		{DDFFEE7D-6DAD-4395-9096-3FF0174D7771}.Release|x86.ActiveCfg = Release|Win32
		{DDFFEE7D-6DAD-4395-9096-3FF0174D7771}.Release|x86.Build.0 = Release|Win32
		{2AFDA5B9-950B-441C-8CBB-10D31F26E04E}.Debug|x64.ActiveCfg = Debug|x64
		{2AFDA5B9-950B-441C-8CBB-10D31F26E04E}.Debug|x64.Build.0 = Debug|x64
		{2AFDA5B9-950B-441C-8CBB-10D31F26E04E}.Debug|x86.ActiveCfg = Debug|Win32
		{2AFDA5B9-950B-441C-8CBB-10D31F26E04E}.Debug|x86.Build.0 = Debug|Win32
		{2AFDA5B9-950B-441C-8CBB-10D31F26E04E}.Release|x64.ActiveCfg = Release|x64
		{2AFDA5B9-950B-441C-8CBB-10D31F26E04E}.Release|x64.Build.0 = Release|x64
		{2AFDA5B9-950B-441C-8CBB-10D31F26E04E}.Release|x86.ActiveCfg = Release|Win32
		{2AFDA5B9-950B-441C-8CBB-10D31F26E04E}.Release|x86.Build.0 = Release|Win32
		{D5023F26-F5EC-48AF-8075-4D25429A3D5E}.Debug|x64.ActiveCfg = Debug|x64
		{D5023F26-F5EC-48AF-8075-4D25429A3D5E}.Debug|x64.Build.0 = Debug|x64
		{D5023F26-F5EC-48AF-8075-4D25429A3D5E}.Debug|x86.ActiveCfg = Debug|Win32
		{D5023F26-F5EC-48AF-8075-4D25429A3D5E}.Debug|x86.Build.0 = Debug|Win32
		{D5023F26-F5EC-48AF-8075-4D25429A3D5E}.Release|x64.ActiveCfg = Release|x64
		{D5023F26-F5EC-48AF-8075-4D25429A3D5E}.Release|x64.Build.0 = Release|x64
		{D5023F26-F5EC-48AF-8075-4D25429A3D5E}.Release|x86.ActiveCfg = Release|Win32
		{D5023F26-F5EC-48AF-8075-4D25429A3D5E}.Release|x86.Build.0 = Release|Win32
		{FA9793BC-48BE-45E5-ADFF-D7E42AFE98E0}.Debug|x64.ActiveCfg = Debug|x64
		{FA9793BC-48BE-45E5-ADFF-D7E42AFE98E0}.Debug|x64.Build.0 = Debug|x64
		{FA9793BC-48BE-45E5-ADFF-D7E42AFE98E0}.Debug|x86.ActiveCfg = Debug|Win32
		{FA9793BC-48BE-45E5-ADFF-D7E42AFE98E0}.Debug|x86.Build.0 = Debug|Win32
		{FA9793BC-48BE-45E5-ADFF-D7E42AFE98E0}.Release|x64.ActiveCfg = Release|x64
		{FA9793BC-48BE-45E5-ADFF-D7E42AFE98E0}.Release|x64.Build.0 = Release|x64
		{FA9793BC-48BE-45E5-ADFF-D7E42AFE98E0}.Release|x86.ActiveCfg = Release|Win32
		{FA9793BC-48BE-45E5-ADFF-D7E42AFE98E0}.Release|x86.Build.0 = Release|Win32
		{1118E6AB-3C2D-4355-9A51-801C88D3F6CA}.Debug|x64.ActiveCfg = Debug|x64
		{1118E6AB-3C2D-4355-9A51-801C88D3F6CA}.Debug|x64.Build.0 = Debug|x64
		{1118E6AB-3C2D-4355-9A51-801C88D3F6CA}.Debug|x86.ActiveCfg = Debug|Win32
		{1118E6AB-3C2D-4355-9A51-801C88D3F6CA}.Debug|x86.Build.0 = Debug|Win32
		{1118E6AB-3C2D-4355-9A51-801C88D3F6CA}.Release|x64.ActiveCfg = Release|x64
		{1118E6AB-3C2D-4355-9A51-801C88D3F6CA}.Release|x64.Build.0 = Release|x64
		{1118E6AB-3C2D-4355-9A51-801C88D3F6CA}.Release|x86.ActiveCfg = Release|Win32
		{1118E6AB-3C2D-4355-9A51-801C88D3F6CA}.Release|x86.Build.0 = Release|Win32
		{3D8FE230-6578-4FA8-B53C-3522242DE5DB}.Debug|x64.ActiveCfg = Debug|x64
		{3D8FE230-6578-4FA8-B53C-3522242DE5DB}.Debug|x64.Build.0 = Debug|x64
		{3D8FE230-6578-4FA8-B53C-3522242DE5DB}.Debug|x86.ActiveCfg = Debug|Win32
		{3D8FE230-6578-4FA8-B53C-3522242DE5DB}.Debug|x86.Build.0 = Debug|Win32
		{3D8FE230-6578-4FA8-B53C-3522242DE5DB}.Release|x64.ActiveCfg = Release|x64
		{3D8FE230-6578-4FA8-B53C-3522242DE5DB}.Release|x64.Build.0 = Release|x64
		{3D8FE230-6578-4FA8-B53C-3522242DE5DB}.Release|x86.ActiveCfg = Release|Win32
		{3D8FE230-6578-4FA8-B53C-3522242DE5DB}.Release|x86.Build.0 = Release|Win32
		{8137E031-3214-4680-8FB0-A09213989914}.Debug|x64.ActiveCfg = Debug|x64
		{8137E031-3214-4680-8FB0-A09213989914}.Debug|x64.Build.0 = Debug|x64
		{8137E031-3214-4680-8FB0-A09213989914}.Debug|x86.ActiveCfg = Debug|Win32
		{8137E031-3214-4680-8FB0-A09213989914}.Debug|x86.Build.0 = Debug|Win32
		{8137E031-3214-4680-8FB0-A09213989914}.Release|x64.ActiveCfg = Release|x64
		{8137E031-3214-4680-8FB0-A09213989914}.Release|x64.Build.0 = Release|x64
		{8137E031-3214-4680-8FB0-A09213989914}.Release|x86.ActiveCfg = Release|Win32
		{8137E031-3214-4680-8FB0-A09213989914}.Release|x86.Build.0 = Release|Win32
		{87EA1D6B-A181-4152-852E-4535B47284F6}.Debug|x64.ActiveCfg = Debug|x64
		{87EA1D6B-A181-4152-852E-4535B47284F6}.Debug|x64.Build.0 = Debug|x64
		{87EA1D6B-A181-4152-852E-4535B47284F6}.Debug|x86.ActiveCfg = Debug|Win32
		{87EA1D6B-A181-4152-852E-4535B47284F6}.Debug|x86.Build.0 = Debug|Win32
		{87EA1D6B-A181-4152-852E-4535B47284F6}.Release|x64.ActiveCfg = Release|x64
		{87EA1D6B-A181-4152-852E-4535B47284F6}.Release|x64.Build.0 = Release|x64
		{87EA1D6B-A181-4152-852E-4535B47284F6}.Release|x86.ActiveCfg = Release|Win32
		{87EA1D6B-A181-4152-852E-4535B47284F6}.Release|x86.Build.0 = Release|Win32
		{ED26D6CD-1CB8-4618-9CB1-B5CF6FDB6817}.Debug|x64.ActiveCfg = Debug|x64
		{ED26D6CD-1CB8-4618-9CB1-B5CF6FDB6817}.Debug|x64.Build.0 = Debug|x64
		{ED26D6CD-1CB8-4618-9CB1-B5CF6FDB6817}.Debug|x86.ActiveCfg = Debug|Win32
		{ED26D6CD-1CB8-4618-9CB1-B5CF6FDB6817}.Debug|x86.Build.0 = Debug|Win32
		{ED26D6CD-1CB8-4618-9CB1-B5CF6FDB6817}.Release|x64.ActiveCfg = Release|x64
		{ED26D6CD-1CB8-4618-9CB1-B5CF6FDB6817}.Release|x64.Build.0 = Release|x64
		{ED26D6CD-1CB8-4618-9CB1-B5CF6FDB6817}.Release|x86.ActiveCfg = Release|Win32
		{ED26D6CD-1CB8-4618-9CB1-B5CF6FDB6817}.Release|x86.Build.0 = Release|Win32
		{F8217D85-5FC3-47D5-A1A0-2E96EFCC91D1}.Debug|x64.ActiveCfg = Debug|x64
		{F8217D85-5FC3-47D5-A1A0-2E96EFCC91D1}.Debug|x64.Build.0 = Debug|x64
		{F8217D85-5FC3-47D5-A1A0-2E96EFCC91D1}.Debug|x86.ActiveCfg = Debug|Win32
		{F8217D85-5FC3-47D5-A1A0-2E96EFCC91D1}.Debug|x86.Build.0 = Debug|Win32
		{F8217D85-5FC3-47D5-A1A0-2E96EFCC91D1}.Release|x64.ActiveCfg = Release|x64
		{F8217D85-5FC3-47D5-A1A0-2E96EFCC91D1}.Release|x64.Build.0 = Release|x64
		{F8217D85-5FC3-47D5-A1A0-2E96EFCC91D1}.Release|x86.ActiveCfg = Release|Win32
		{F8217D85-5FC3-47D5-A1A0-2E96EFCC91D1}.Release|x86.Build.0 = Release|Win32
	EndGlobalSection
	GlobalSection(SolutionProperties) = preSolution
		HideSolutionNode = FALSE
	EndGlobalSection
	GlobalSection(NestedProjects) = preSolution
		{BF8FDE11-CE04-4C6B-A053-9D5D0A53AE65} = {99BCD3E6-B726-46C1-8B94-BDF79B538AB9}
		{63302ED8-C01F-4B75-9079-C8E5196EE043} = {99BCD3E6-B726-46C1-8B94-BDF79B538AB9}
		{E5093EC2-489A-43A2-94CD-472F345F4619} = {99BCD3E6-B726-46C1-8B94-BDF79B538AB9}
		{122C6B21-2311-4809-9189-39E5544482DF} = {99BCD3E6-B726-46C1-8B94-BDF79B538AB9}
		{B9E2931A-572F-4552-80F7-DF6A4F71007B} = {99BCD3E6-B726-46C1-8B94-BDF79B538AB9}
		{3CCD8AC3-66C6-45C8-8BD8-3E7DFA96466E} = {99BCD3E6-B726-46C1-8B94-BDF79B538AB9}
		{DDFFEE7D-6DAD-4395-9096-3FF0174D7771} = {99BCD3E6-B726-46C1-8B94-BDF79B538AB9}
		{2AFDA5B9-950B-441C-8CBB-10D31F26E04E} = {02EA681E-C7D8-13C7-8484-4AC65E1B71E8}
		{D5023F26-F5EC-48AF-8075-4D25429A3D5E} = {99BCD3E6-B726-46C1-8B94-BDF79B538AB9}
		{FA9793BC-48BE-45E5-ADFF-D7E42AFE98E0} = {99BCD3E6-B726-46C1-8B94-BDF79B538AB9}
		{1118E6AB-3C2D-4355-9A51-801C88D3F6CA} = {99BCD3E6-B726-46C1-8B94-BDF79B538AB9}
		{3D8FE230-6578-4FA8-B53C-3522242DE5DB} = {99BCD3E6-B726-46C1-8B94-BDF79B538AB9}
		{8137E031-3214-4680-8FB0-A09213989914} = {99BCD3E6-B726-46C1-8B94-BDF79B538AB9}
		{32606C6B-02E1-4126-ACE6-965091E7EA57} = {E93DA2D9-9CDD-4DB0-8673-40405430B7EA}
		{87EA1D6B-A181-4152-852E-4535B47284F6} = {32606C6B-02E1-4126-ACE6-965091E7EA57}
		{AB3C6B75-A6FE-4547-9651-DC9170DD279E} = {5F4BB368-3FE4-4596-AE7F-776A25D96F17}
		{ED26D6CD-1CB8-4618-9CB1-B5CF6FDB6817} = {AB3C6B75-A6FE-4547-9651-DC9170DD279E}
		{F8217D85-5FC3-47D5-A1A0-2E96EFCC91D1} = {99BCD3E6-B726-46C1-8B94-BDF79B538AB9}
	EndGlobalSection
	GlobalSection(ExtensibilityGlobals) = postSolution
		SolutionGuid = {C6BF929C-6321-4766-997F-24BFF11F3EF9}
	EndGlobalSection
EndGlobal
