
Microsoft Visual Studio Solution File, Format Version 12.00
# Visual Studio Version 17
VisualStudioVersion = 17.13.35913.81
MinimumVisualStudioVersion = 10.0.40219.1
Project("{8BC9CEB8-8B4A-11D0-8D11-00A0C91BC942}") = "Cours_01", "Cours_01\Cours_01.vcxproj", "{BF8FDE11-CE04-4C6B-A053-9D5D0A53AE65}"
EndProject
Project("{8BC9CEB8-8B4A-11D0-8D11-00A0C91BC942}") = "Cours_02", "Cours_02\Cours_02.vcxproj", "{63302ED8-C01F-4B75-9079-C8E5196EE043}"
EndProject
Project("{8BC9CEB8-8B4A-11D0-8D11-00A0C91BC942}") = "Cours_03", "Cours_03\Cours_03.vcxproj", "{E5093EC2-489A-43A2-94CD-472F345F4619}"
EndProject
Project("{8BC9CEB8-8B4A-11D0-8D11-00A0C91BC942}") = "Cours_04", "Cours_04\Cours_04.vcxproj", "{122C6B21-2311-4809-9189-39E5544482DF}"
EndProject
Project("{8BC9CEB8-8B4A-11D0-8D11-00A0C91BC942}") = "Cours_05", "Cours_05\Cours_05.vcxproj", "{B9E2931A-572F-4552-80F7-DF6A4F71007B}"
EndProject
Project("{8BC9CEB8-8B4A-11D0-8D11-00A0C91BC942}") = "Cours_06", "Cours_06\Cours_06.vcxproj", "{3CCD8AC3-66C6-45C8-8BD8-3E7DFA96466E}"
EndProject
Project("{2150E333-8FDC-42A3-9474-1A3956D46DE8}") = "Cours C++", "Cours C++", "{99BCD3E6-B726-46C1-8B94-BDF79B538AB9}"
EndProject
Project("{8BC9CEB8-8B4A-11D0-8D11-00A0C91BC942}") = "Cours_07", "Cours_07\Cours_07.vcxproj", "{DDFFEE7D-6DAD-4395-9096-3FF0174D7771}"
EndProject
Project("{2150E333-8FDC-42A3-9474-1A3956D46DE8}") = "Exercices", "Exercices", "{02EA681E-C7D8-13C7-8484-4AC65E1B71E8}"
EndProject
Project("{8BC9CEB8-8B4A-11D0-8D11-00A0C91BC942}") = "Exercice_01", "Exercice_01\Exercice_01.vcxproj", "{2AFDA5B9-950B-441C-8CBB-10D31F26E04E}"
EndProject
Project("{8BC9CEB8-8B4A-11D0-8D11-00A0C91BC942}") = "Cours_08", "Cours_08\Cours_08.vcxproj", "{D5023F26-F5EC-48AF-8075-4D25429A3D5E}"
EndProject
Project("{8BC9CEB8-8B4A-11D0-8D11-00A0C91BC942}") = "Cours_09", "Cours_09\Cours_09.vcxproj", "{FA9793BC-48BE-45E5-ADFF-D7E42AFE98E0}"
EndProject
Global
	GlobalSection(SolutionConfigurationPlatforms) = preSolution
		Debug|x64 = Debug|x64
		Debug|x86 = Debug|x86
		Release|x64 = Release|x64
		Release|x86 = Release|x86
	EndGlobalSection
	GlobalSection(ProjectConfigurationPlatforms) = postSolution
		{BF8FDE11-CE04-4C6B-A053-9D5D0A53AE65}.Debug|x64.ActiveCfg = Debug|x64
		{BF8FDE11-CE04-4C6B-A053-9D5D0A53AE65}.Debug|x64.Build.0 = Debug|x64
		{BF8FDE11-CE04-4C6B-A053-9D5D0A53AE65}.Debug|x86.ActiveCfg = Debug|Win32
		{BF8FDE11-CE04-4C6B-A053-9D5D0A53AE65}.Debug|x86.Build.0 = Debug|Win32
		{BF8FDE11-CE04-4C6B-A053-9D5D0A53AE65}.Release|x64.ActiveCfg = Release|x64
		{BF8FDE11-CE04-4C6B-A053-9D5D0A53AE65}.Release|x64.Build.0 = Release|x64
		{BF8FDE11-CE04-4C6B-A053-9D5D0A53AE65}.Release|x86.ActiveCfg = Release|Win32
		{BF8FDE11-CE04-4C6B-A053-9D5D0A53AE65}.Release|x86.Build.0 = Release|Win32
		{63302ED8-C01F-4B75-9079-C8E5196EE043}.Debug|x64.ActiveCfg = Debug|x64
		{63302ED8-C01F-4B75-9079-C8E5196EE043}.Debug|x64.Build.0 = Debug|x64
		{63302ED8-C01F-4B75-9079-C8E5196EE043}.Debug|x86.ActiveCfg = Debug|Win32
		{63302ED8-C01F-4B75-9079-C8E5196EE043}.Debug|x86.Build.0 = Debug|Win32
		{63302ED8-C01F-4B75-9079-C8E5196EE043}.Release|x64.ActiveCfg = Release|x64
		{63302ED8-C01F-4B75-9079-C8E5196EE043}.Release|x64.Build.0 = Release|x64
		{63302ED8-C01F-4B75-9079-C8E5196EE043}.Release|x86.ActiveCfg = Release|Win32
		{63302ED8-C01F-4B75-9079-C8E5196EE043}.Release|x86.Build.0 = Release|Win32
		{E5093EC2-489A-43A2-94CD-472F345F4619}.Debug|x64.ActiveCfg = Debug|x64
		{E5093EC2-489A-43A2-94CD-472F345F4619}.Debug|x64.Build.0 = Debug|x64
		{E5093EC2-489A-43A2-94CD-472F345F4619}.Debug|x86.ActiveCfg = Debug|Win32
		{E5093EC2-489A-43A2-94CD-472F345F4619}.Debug|x86.Build.0 = Debug|Win32
		{E5093EC2-489A-43A2-94CD-472F345F4619}.Release|x64.ActiveCfg = Release|x64
		{E5093EC2-489A-43A2-94CD-472F345F4619}.Release|x64.Build.0 = Release|x64
		{E5093EC2-489A-43A2-94CD-472F345F4619}.Release|x86.ActiveCfg = Release|Win32
		{E5093EC2-489A-43A2-94CD-472F345F4619}.Release|x86.Build.0 = Release|Win32
		{122C6B21-2311-4809-9189-39E5544482DF}.Debug|x64.ActiveCfg = Debug|x64
		{122C6B21-2311-4809-9189-39E5544482DF}.Debug|x64.Build.0 = Debug|x64
		{122C6B21-2311-4809-9189-39E5544482DF}.Debug|x86.ActiveCfg = Debug|Win32
		{122C6B21-2311-4809-9189-39E5544482DF}.Debug|x86.Build.0 = Debug|Win32
		{122C6B21-2311-4809-9189-39E5544482DF}.Release|x64.ActiveCfg = Release|x64
		{122C6B21-2311-4809-9189-39E5544482DF}.Release|x64.Build.0 = Release|x64
		{122C6B21-2311-4809-9189-39E5544482DF}.Release|x86.ActiveCfg = Release|Win32
		{122C6B21-2311-4809-9189-39E5544482DF}.Release|x86.Build.0 = Release|Win32
		{B9E2931A-572F-4552-80F7-DF6A4F71007B}.Debug|x64.ActiveCfg = Debug|x64
		{B9E2931A-572F-4552-80F7-DF6A4F71007B}.Debug|x64.Build.0 = Debug|x64
		{B9E2931A-572F-4552-80F7-DF6A4F71007B}.Debug|x86.ActiveCfg = Debug|Win32
		{B9E2931A-572F-4552-80F7-DF6A4F71007B}.Debug|x86.Build.0 = Debug|Win32
		{B9E2931A-572F-4552-80F7-DF6A4F71007B}.Release|x64.ActiveCfg = Release|x64
		{B9E2931A-572F-4552-80F7-DF6A4F71007B}.Release|x64.Build.0 = Release|x64
		{B9E2931A-572F-4552-80F7-DF6A4F71007B}.Release|x86.ActiveCfg = Release|Win32
		{B9E2931A-572F-4552-80F7-DF6A4F71007B}.Release|x86.Build.0 = Release|Win32
		{3CCD8AC3-66C6-45C8-8BD8-3E7DFA96466E}.Debug|x64.ActiveCfg = Debug|x64
		{3CCD8AC3-66C6-45C8-8BD8-3E7DFA96466E}.Debug|x64.Build.0 = Debug|x64
		{3CCD8AC3-66C6-45C8-8BD8-3E7DFA96466E}.Debug|x86.ActiveCfg = Debug|Win32
		{3CCD8AC3-66C6-45C8-8BD8-3E7DFA96466E}.Debug|x86.Build.0 = Debug|Win32
		{3CCD8AC3-66C6-45C8-8BD8-3E7DFA96466E}.Release|x64.ActiveCfg = Release|x64
		{3CCD8AC3-66C6-45C8-8BD8-3E7DFA96466E}.Release|x64.Build.0 = Release|x64
		{3CCD8AC3-66C6-45C8-8BD8-3E7DFA96466E}.Release|x86.ActiveCfg = Release|Win32
		{3CCD8AC3-66C6-45C8-8BD8-3E7DFA96466E}.Release|x86.Build.0 = Release|Win32
		{DDFFEE7D-6DAD-4395-9096-3FF0174D7771}.Debug|x64.ActiveCfg = Debug|x64
		{DDFFEE7D-6DAD-4395-9096-3FF0174D7771}.Debug|x64.Build.0 = Debug|x64
		{DDFFEE7D-6DAD-4395-9096-3FF0174D7771}.Debug|x86.ActiveCfg = Debug|Win32
		{DDFFEE7D-6DAD-4395-9096-3FF0174D7771}.Debug|x86.Build.0 = Debug|Win32
		{DDFFEE7D-6DAD-4395-9096-3FF0174D7771}.Release|x64.ActiveCfg = Release|x64
		{DDFFEE7D-6DAD-4395-9096-3FF0174D7771}.Release|x64.Build.0 = Release|x64
		{DDFFEE7D-6DAD-4395-9096-3FF0174D7771}.Release|x86.ActiveCfg = Release|Win32
		{DDFFEE7D-6DAD-4395-9096-3FF0174D7771}.Release|x86.Build.0 = Release|Win32
		{2AFDA5B9-950B-441C-8CBB-10D31F26E04E}.Debug|x64.ActiveCfg = Debug|x64
		{2AFDA5B9-950B-441C-8CBB-10D31F26E04E}.Debug|x64.Build.0 = Debug|x64
		{2AFDA5B9-950B-441C-8CBB-10D31F26E04E}.Debug|x86.ActiveCfg = Debug|Win32
		{2AFDA5B9-950B-441C-8CBB-10D31F26E04E}.Debug|x86.Build.0 = Debug|Win32
		{2AFDA5B9-950B-441C-8CBB-10D31F26E04E}.Release|x64.ActiveCfg = Release|x64
		{2AFDA5B9-950B-441C-8CBB-10D31F26E04E}.Release|x64.Build.0 = Release|x64
		{2AFDA5B9-950B-441C-8CBB-10D31F26E04E}.Release|x86.ActiveCfg = Release|Win32
		{2AFDA5B9-950B-441C-8CBB-10D31F26E04E}.Release|x86.Build.0 = Release|Win32
		{D5023F26-F5EC-48AF-8075-4D25429A3D5E}.Debug|x64.ActiveCfg = Debug|x64
		{D5023F26-F5EC-48AF-8075-4D25429A3D5E}.Debug|x64.Build.0 = Debug|x64
		{D5023F26-F5EC-48AF-8075-4D25429A3D5E}.Debug|x86.ActiveCfg = Debug|Win32
		{D5023F26-F5EC-48AF-8075-4D25429A3D5E}.Debug|x86.Build.0 = Debug|Win32
		{D5023F26-F5EC-48AF-8075-4D25429A3D5E}.Release|x64.ActiveCfg = Release|x64
		{D5023F26-F5EC-48AF-8075-4D25429A3D5E}.Release|x64.Build.0 = Release|x64
		{D5023F26-F5EC-48AF-8075-4D25429A3D5E}.Release|x86.ActiveCfg = Release|Win32
		{D5023F26-F5EC-48AF-8075-4D25429A3D5E}.Release|x86.Build.0 = Release|Win32
		{FA9793BC-48BE-45E5-ADFF-D7E42AFE98E0}.Debug|x64.ActiveCfg = Debug|x64
		{FA9793BC-48BE-45E5-ADFF-D7E42AFE98E0}.Debug|x64.Build.0 = Debug|x64
		{FA9793BC-48BE-45E5-ADFF-D7E42AFE98E0}.Debug|x86.ActiveCfg = Debug|Win32
		{FA9793BC-48BE-45E5-ADFF-D7E42AFE98E0}.Debug|x86.Build.0 = Debug|Win32
		{FA9793BC-48BE-45E5-ADFF-D7E42AFE98E0}.Release|x64.ActiveCfg = Release|x64
		{FA9793BC-48BE-45E5-ADFF-D7E42AFE98E0}.Release|x64.Build.0 = Release|x64
		{FA9793BC-48BE-45E5-ADFF-D7E42AFE98E0}.Release|x86.ActiveCfg = Release|Win32
		{FA9793BC-48BE-45E5-ADFF-D7E42AFE98E0}.Release|x86.Build.0 = Release|Win32
	EndGlobalSection
	GlobalSection(SolutionProperties) = preSolution
		HideSolutionNode = FALSE
	EndGlobalSection
	GlobalSection(NestedProjects) = preSolution
		{BF8FDE11-CE04-4C6B-A053-9D5D0A53AE65} = {99BCD3E6-B726-46C1-8B94-BDF79B538AB9}
		{63302ED8-C01F-4B75-9079-C8E5196EE043} = {99BCD3E6-B726-46C1-8B94-BDF79B538AB9}
		{E5093EC2-489A-43A2-94CD-472F345F4619} = {99BCD3E6-B726-46C1-8B94-BDF79B538AB9}
		{122C6B21-2311-4809-9189-39E5544482DF} = {99BCD3E6-B726-46C1-8B94-BDF79B538AB9}
		{B9E2931A-572F-4552-80F7-DF6A4F71007B} = {99BCD3E6-B726-46C1-8B94-BDF79B538AB9}
		{3CCD8AC3-66C6-45C8-8BD8-3E7DFA96466E} = {99BCD3E6-B726-46C1-8B94-BDF79B538AB9}
		{DDFFEE7D-6DAD-4395-9096-3FF0174D7771} = {99BCD3E6-B726-46C1-8B94-BDF79B538AB9}
		{2AFDA5B9-950B-441C-8CBB-10D31F26E04E} = {02EA681E-C7D8-13C7-8484-4AC65E1B71E8}
		{D5023F26-F5EC-48AF-8075-4D25429A3D5E} = {99BCD3E6-B726-46C1-8B94-BDF79B538AB9}
		{FA9793BC-48BE-45E5-ADFF-D7E42AFE98E0} = {99BCD3E6-B726-46C1-8B94-BDF79B538AB9}
	EndGlobalSection
	GlobalSection(ExtensibilityGlobals) = postSolution
		SolutionGuid = {C6BF929C-6321-4766-997F-24BFF11F3EF9}
	EndGlobalSection
EndGlobal
